
Microsoft Visual Studio Solution File, Format Version 12.00
# Visual Studio 15
Project("{FAE04EC0-301F-11D3-BF4B-00C04F79EFBC}") = "Calculator", "Calculator\Calculator.csproj", "{9798844A-F52B-4FB1-8320-AF64271E9F75}"
EndProject
Project("{FAE04EC0-301F-11D3-BF4B-00C04F79EFBC}") = "Calculator.Test.Unit", "Calculator.Test.Unit\Calculator.Test.Unit.csproj", "{CACA8BD2-F006-4643-8648-A49BA68C1C06}"
EndProject
Global
	GlobalSection(SolutionConfigurationPlatforms) = preSolution
		Debug|Any CPU = Debug|Any CPU
		Release|Any CPU = Release|Any CPU
	EndGlobalSection
	GlobalSection(ProjectConfigurationPlatforms) = postSolution
		{9798844A-F52B-4FB1-8320-AF64271E9F75}.Debug|Any CPU.ActiveCfg = Debug|Any CPU
		{9798844A-F52B-4FB1-8320-AF64271E9F75}.Debug|Any CPU.Build.0 = Debug|Any CPU
		{9798844A-F52B-4FB1-8320-AF64271E9F75}.Release|Any CPU.ActiveCfg = Release|Any CPU
		{9798844A-F52B-4FB1-8320-AF64271E9F75}.Release|Any CPU.Build.0 = Release|Any CPU
		{CACA8BD2-F006-4643-8648-A49BA68C1C06}.Debug|Any CPU.ActiveCfg = Debug|Any CPU
		{CACA8BD2-F006-4643-8648-A49BA68C1C06}.Debug|Any CPU.Build.0 = Debug|Any CPU
		{CACA8BD2-F006-4643-8648-A49BA68C1C06}.Release|Any CPU.ActiveCfg = Release|Any CPU
		{CACA8BD2-F006-4643-8648-A49BA68C1C06}.Release|Any CPU.Build.0 = Release|Any CPU
	EndGlobalSection
EndGlobal
